
Microsoft Visual Studio Solution File, Format Version 12.00
# Visual Studio Version 16
VisualStudioVersion = 16.0.29503.13
MinimumVisualStudioVersion = 10.0.40219.1
Project("{FAE04EC0-301F-11D3-BF4B-00C04F79EFBC}") = "DSAInteractiveApp", "DSAInteractiveApp\DSAInteractiveApp.csproj", "{913E435A-3469-42D5-BD0A-42BECE3B5A99}"
EndProject
Project("{FAE04EC0-301F-11D3-BF4B-00C04F79EFBC}") = "UnitTestProject", "UnitTestProject\UnitTestProject.csproj", "{74F79427-B328-47E9-9D67-7094754EF525}"
EndProject
Global
	GlobalSection(SolutionConfigurationPlatforms) = preSolution
		Debug|Any CPU = Debug|Any CPU
		Release|Any CPU = Release|Any CPU
	EndGlobalSection
	GlobalSection(ProjectConfigurationPlatforms) = postSolution
		{913E435A-3469-42D5-BD0A-42BECE3B5A99}.Debug|Any CPU.ActiveCfg = Debug|Any CPU
		{913E435A-3469-42D5-BD0A-42BECE3B5A99}.Debug|Any CPU.Build.0 = Debug|Any CPU
		{913E435A-3469-42D5-BD0A-42BECE3B5A99}.Debug|Any CPU.Deploy.0 = Debug|Any CPU
		{913E435A-3469-42D5-BD0A-42BECE3B5A99}.Release|Any CPU.ActiveCfg = Release|Any CPU
		{913E435A-3469-42D5-BD0A-42BECE3B5A99}.Release|Any CPU.Build.0 = Release|Any CPU
		{913E435A-3469-42D5-BD0A-42BECE3B5A99}.Release|Any CPU.Deploy.0 = Release|Any CPU
		{74F79427-B328-47E9-9D67-7094754EF525}.Debug|Any CPU.ActiveCfg = Debug|Any CPU
		{74F79427-B328-47E9-9D67-7094754EF525}.Debug|Any CPU.Build.0 = Debug|Any CPU
		{74F79427-B328-47E9-9D67-7094754EF525}.Release|Any CPU.ActiveCfg = Release|Any CPU
		{74F79427-B328-47E9-9D67-7094754EF525}.Release|Any CPU.Build.0 = Release|Any CPU
	EndGlobalSection
	GlobalSection(SolutionProperties) = preSolution
		HideSolutionNode = FALSE
	EndGlobalSection
	GlobalSection(ExtensibilityGlobals) = postSolution
		SolutionGuid = {5533AA65-ABD3-4922-A493-09A2A03FBB78}
	EndGlobalSection
EndGlobal
